<Solution>
  <Project Path="API.Gateway/API.Gateway.csproj" />
  <Project Path="Client.Wasm/Client.Wasm.csproj" />
  <Project Path="Cloud.API/Cloud.API.csproj" />
  <Project Path="Cloud.AppHost/Cloud.AppHost.csproj" />
  <Project Path="Cloud.ServiceDefaults/Cloud.ServiceDefaults.csproj" />
</Solution>
