
Microsoft Visual Studio Solution File, Format Version 12.00
# Visual Studio Version 18
VisualStudioVersion = 18.4.11506.43
MinimumVisualStudioVersion = 10.0.40219.1
Project("{FAE04EC0-301F-11D3-BF4B-00C04F79EFBC}") = "Client.Wasm", "Client.Wasm\Client.Wasm.csproj", "{AE7EEA74-2FE0-136F-D797-854FD87E022A}"
EndProject
Project("{FAE04EC0-301F-11D3-BF4B-00C04F79EFBC}") = "CourseManagement.ApiGateway", "CourseManagement.ApiGateway\CourseManagement.ApiGateway.csproj", "{E40206AD-E9A9-D006-03E9-7E4AF186D09E}"
EndProject
Project("{FAE04EC0-301F-11D3-BF4B-00C04F79EFBC}") = "CourseManagement.ApiService", "CourseManagement.ApiService\CourseManagement.ApiService.csproj", "{177A7026-640A-B562-C970-E54A3E1808C0}"
EndProject
Project("{FAE04EC0-301F-11D3-BF4B-00C04F79EFBC}") = "CourseManagement.AppHost", "CourseManagement.AppHost\CourseManagement.AppHost.csproj", "{6FA675B1-94EE-1C38-B6D5-9B8D1B49AF80}"
EndProject
Project("{FAE04EC0-301F-11D3-BF4B-00C04F79EFBC}") = "CourseManagement.ServiceDefaults", "CourseManagement.ServiceDefaults\CourseManagement.ServiceDefaults.csproj", "{6C7E991E-FC79-5A4B-8EC0-AF85D0B47940}"
EndProject
Project("{FAE04EC0-301F-11D3-BF4B-00C04F79EFBC}") = "CourseManagement.Storage", "CourseManagement.Storage\CourseManagement.Storage.csproj", "{EA8535DF-4A90-A0AB-578F-0D651DAC99C4}"
EndProject
Project("{FAE04EC0-301F-11D3-BF4B-00C04F79EFBC}") = "CourseManagement.AppHost.Tests", "CourseManagement.AppHost.Tests\CourseManagement.AppHost.Tests.csproj", "{D28AA189-3467-48A7-80B9-1CE34FCCD5A4}"
EndProject
Global
	GlobalSection(SolutionConfigurationPlatforms) = preSolution
		Debug|Any CPU = Debug|Any CPU
		Release|Any CPU = Release|Any CPU
	EndGlobalSection
	GlobalSection(ProjectConfigurationPlatforms) = postSolution
		{AE7EEA74-2FE0-136F-D797-854FD87E022A}.Debug|Any CPU.ActiveCfg = Debug|Any CPU
		{AE7EEA74-2FE0-136F-D797-854FD87E022A}.Debug|Any CPU.Build.0 = Debug|Any CPU
		{AE7EEA74-2FE0-136F-D797-854FD87E022A}.Release|Any CPU.ActiveCfg = Release|Any CPU
		{AE7EEA74-2FE0-136F-D797-854FD87E022A}.Release|Any CPU.Build.0 = Release|Any CPU
		{E40206AD-E9A9-D006-03E9-7E4AF186D09E}.Debug|Any CPU.ActiveCfg = Debug|Any CPU
		{E40206AD-E9A9-D006-03E9-7E4AF186D09E}.Debug|Any CPU.Build.0 = Debug|Any CPU
		{E40206AD-E9A9-D006-03E9-7E4AF186D09E}.Release|Any CPU.ActiveCfg = Release|Any CPU
		{E40206AD-E9A9-D006-03E9-7E4AF186D09E}.Release|Any CPU.Build.0 = Release|Any CPU
		{177A7026-640A-B562-C970-E54A3E1808C0}.Debug|Any CPU.ActiveCfg = Debug|Any CPU
		{177A7026-640A-B562-C970-E54A3E1808C0}.Debug|Any CPU.Build.0 = Debug|Any CPU
		{177A7026-640A-B562-C970-E54A3E1808C0}.Release|Any CPU.ActiveCfg = Release|Any CPU
		{177A7026-640A-B562-C970-E54A3E1808C0}.Release|Any CPU.Build.0 = Release|Any CPU
		{6FA675B1-94EE-1C38-B6D5-9B8D1B49AF80}.Debug|Any CPU.ActiveCfg = Debug|Any CPU
		{6FA675B1-94EE-1C38-B6D5-9B8D1B49AF80}.Debug|Any CPU.Build.0 = Debug|Any CPU
		{6FA675B1-94EE-1C38-B6D5-9B8D1B49AF80}.Release|Any CPU.ActiveCfg = Release|Any CPU
		{6FA675B1-94EE-1C38-B6D5-9B8D1B49AF80}.Release|Any CPU.Build.0 = Release|Any CPU
		{6C7E991E-FC79-5A4B-8EC0-AF85D0B47940}.Debug|Any CPU.ActiveCfg = Debug|Any CPU
		{6C7E991E-FC79-5A4B-8EC0-AF85D0B47940}.Debug|Any CPU.Build.0 = Debug|Any CPU
		{6C7E991E-FC79-5A4B-8EC0-AF85D0B47940}.Release|Any CPU.ActiveCfg = Release|Any CPU
		{6C7E991E-FC79-5A4B-8EC0-AF85D0B47940}.Release|Any CPU.Build.0 = Release|Any CPU
		{EA8535DF-4A90-A0AB-578F-0D651DAC99C4}.Debug|Any CPU.ActiveCfg = Debug|Any CPU
		{EA8535DF-4A90-A0AB-578F-0D651DAC99C4}.Debug|Any CPU.Build.0 = Debug|Any CPU
		{EA8535DF-4A90-A0AB-578F-0D651DAC99C4}.Release|Any CPU.ActiveCfg = Release|Any CPU
		{EA8535DF-4A90-A0AB-578F-0D651DAC99C4}.Release|Any CPU.Build.0 = Release|Any CPU
		{D28AA189-3467-48A7-80B9-1CE34FCCD5A4}.Debug|Any CPU.ActiveCfg = Debug|Any CPU
		{D28AA189-3467-48A7-80B9-1CE34FCCD5A4}.Debug|Any CPU.Build.0 = Debug|Any CPU
		{D28AA189-3467-48A7-80B9-1CE34FCCD5A4}.Release|Any CPU.ActiveCfg = Release|Any CPU
		{D28AA189-3467-48A7-80B9-1CE34FCCD5A4}.Release|Any CPU.Build.0 = Release|Any CPU
	EndGlobalSection
	GlobalSection(SolutionProperties) = preSolution
		HideSolutionNode = FALSE
	EndGlobalSection
	GlobalSection(ExtensibilityGlobals) = postSolution
		SolutionGuid = {90FE6B04-8381-437E-893A-FEBA1DA10AEE}
	EndGlobalSection
EndGlobal
